
Microsoft Visual Studio Solution File, Format Version 12.00
# Visual Studio Version 16
VisualStudioVersion = 16.0.29905.134
MinimumVisualStudioVersion = 10.0.40219.1
Project("{FAE04EC0-301F-11D3-BF4B-00C04F79EFBC}") = "AudioPlayer", "AudioPlayer\AudioPlayer.csproj", "{F49DE45A-F7DC-429F-AAA1-694131CB89CA}"
EndProject
Global
	GlobalSection(SolutionConfigurationPlatforms) = preSolution
		Debug|Any CPU = Debug|Any CPU
		Release|Any CPU = Release|Any CPU
	EndGlobalSection
	GlobalSection(ProjectConfigurationPlatforms) = postSolution
		{F49DE45A-F7DC-429F-AAA1-694131CB89CA}.Debug|Any CPU.ActiveCfg = Debug|Any CPU
		{F49DE45A-F7DC-429F-AAA1-694131CB89CA}.Debug|Any CPU.Build.0 = Debug|Any CPU
		{F49DE45A-F7DC-429F-AAA1-694131CB89CA}.Release|Any CPU.ActiveCfg = Release|Any CPU
		{F49DE45A-F7DC-429F-AAA1-694131CB89CA}.Release|Any CPU.Build.0 = Release|Any CPU
	EndGlobalSection
	GlobalSection(SolutionProperties) = preSolution
		HideSolutionNode = FALSE
	EndGlobalSection
	GlobalSection(ExtensibilityGlobals) = postSolution
		SolutionGuid = {427BDC79-6735-4934-AB1A-CA8B599A67BD}
	EndGlobalSection
EndGlobal
